
Microsoft Visual Studio Solution File, Format Version 12.00
# Visual Studio 2013
VisualStudioVersion = 12.0.21005.1
MinimumVisualStudioVersion = 10.0.40219.1
Project("{FAE04EC0-301F-11D3-BF4B-00C04F79EFBC}") = "DataVis", "DataVis\DataVis.csproj", "{24C92B15-A780-432E-AA6A-CF7F7845A843}"
EndProject
Project("{FAE04EC0-301F-11D3-BF4B-00C04F79EFBC}") = "DataVis.Data", "DataVis.Data\DataVis.Data.csproj", "{36E296C9-4259-4E54-8059-5B6C6FD4BC4E}"
EndProject
Project("{FAE04EC0-301F-11D3-BF4B-00C04F79EFBC}") = "DataVis.BusinessLogic", "DataVis.BusinessLogic\DataVis.BusinessLogic.csproj", "{590ADBE7-19CB-40FE-A81F-210175611DCD}"
EndProject
Project("{FAE04EC0-301F-11D3-BF4B-00C04F79EFBC}") = "UnitTests", "UnitTests\UnitTests.csproj", "{03A13929-BC2C-4C67-A520-D7A0EE3B9B99}"
EndProject
Global
	GlobalSection(SolutionConfigurationPlatforms) = preSolution
		Debug|Any CPU = Debug|Any CPU
		Release|Any CPU = Release|Any CPU
	EndGlobalSection
	GlobalSection(ProjectConfigurationPlatforms) = postSolution
		{24C92B15-A780-432E-AA6A-CF7F7845A843}.Debug|Any CPU.ActiveCfg = Debug|Any CPU
		{24C92B15-A780-432E-AA6A-CF7F7845A843}.Debug|Any CPU.Build.0 = Debug|Any CPU
		{24C92B15-A780-432E-AA6A-CF7F7845A843}.Release|Any CPU.ActiveCfg = Release|Any CPU
		{24C92B15-A780-432E-AA6A-CF7F7845A843}.Release|Any CPU.Build.0 = Release|Any CPU
		{36E296C9-4259-4E54-8059-5B6C6FD4BC4E}.Debug|Any CPU.ActiveCfg = Debug|Any CPU
		{36E296C9-4259-4E54-8059-5B6C6FD4BC4E}.Debug|Any CPU.Build.0 = Debug|Any CPU
		{36E296C9-4259-4E54-8059-5B6C6FD4BC4E}.Release|Any CPU.ActiveCfg = Release|Any CPU
		{36E296C9-4259-4E54-8059-5B6C6FD4BC4E}.Release|Any CPU.Build.0 = Release|Any CPU
		{590ADBE7-19CB-40FE-A81F-210175611DCD}.Debug|Any CPU.ActiveCfg = Debug|Any CPU
		{590ADBE7-19CB-40FE-A81F-210175611DCD}.Debug|Any CPU.Build.0 = Debug|Any CPU
		{590ADBE7-19CB-40FE-A81F-210175611DCD}.Release|Any CPU.ActiveCfg = Release|Any CPU
		{590ADBE7-19CB-40FE-A81F-210175611DCD}.Release|Any CPU.Build.0 = Release|Any CPU
		{03A13929-BC2C-4C67-A520-D7A0EE3B9B99}.Debug|Any CPU.ActiveCfg = Debug|Any CPU
		{03A13929-BC2C-4C67-A520-D7A0EE3B9B99}.Debug|Any CPU.Build.0 = Debug|Any CPU
		{03A13929-BC2C-4C67-A520-D7A0EE3B9B99}.Release|Any CPU.ActiveCfg = Release|Any CPU
		{03A13929-BC2C-4C67-A520-D7A0EE3B9B99}.Release|Any CPU.Build.0 = Release|Any CPU
	EndGlobalSection
	GlobalSection(SolutionProperties) = preSolution
		HideSolutionNode = FALSE
	EndGlobalSection
EndGlobal
