
Microsoft Visual Studio Solution File, Format Version 12.00
# Visual Studio 2013
VisualStudioVersion = 12.0.21005.1
MinimumVisualStudioVersion = 10.0.40219.1
Project("{FAE04EC0-301F-11D3-BF4B-00C04F79EFBC}") = "DataVis", "DataVis\DataVis.csproj", "{24C92B15-A780-432E-AA6A-CF7F7845A843}"
EndProject
Project("{FAE04EC0-301F-11D3-BF4B-00C04F79EFBC}") = "DataVis.Data", "DataVis.Data\DataVis.Data.csproj", "{B3BC2798-7507-4E0F-B5C8-FF5D2A3C0B92}"
EndProject
Global
	GlobalSection(SolutionConfigurationPlatforms) = preSolution
		Debug|Any CPU = Debug|Any CPU
		Release|Any CPU = Release|Any CPU
	EndGlobalSection
	GlobalSection(ProjectConfigurationPlatforms) = postSolution
		{24C92B15-A780-432E-AA6A-CF7F7845A843}.Debug|Any CPU.ActiveCfg = Debug|Any CPU
		{24C92B15-A780-432E-AA6A-CF7F7845A843}.Debug|Any CPU.Build.0 = Debug|Any CPU
		{24C92B15-A780-432E-AA6A-CF7F7845A843}.Release|Any CPU.ActiveCfg = Release|Any CPU
		{24C92B15-A780-432E-AA6A-CF7F7845A843}.Release|Any CPU.Build.0 = Release|Any CPU
		{B3BC2798-7507-4E0F-B5C8-FF5D2A3C0B92}.Debug|Any CPU.ActiveCfg = Debug|Any CPU
		{B3BC2798-7507-4E0F-B5C8-FF5D2A3C0B92}.Debug|Any CPU.Build.0 = Debug|Any CPU
		{B3BC2798-7507-4E0F-B5C8-FF5D2A3C0B92}.Release|Any CPU.ActiveCfg = Release|Any CPU
		{B3BC2798-7507-4E0F-B5C8-FF5D2A3C0B92}.Release|Any CPU.Build.0 = Release|Any CPU
	EndGlobalSection
	GlobalSection(SolutionProperties) = preSolution
		HideSolutionNode = FALSE
	EndGlobalSection
EndGlobal
